
Microsoft Visual Studio Solution File, Format Version 12.00
# Visual Studio Version 17
VisualStudioVersion = 17.11.35222.181
MinimumVisualStudioVersion = 10.0.40219.1
Project("{FAE04EC0-301F-11D3-BF4B-00C04F79EFBC}") = "Calculator_UnitTestingExample", "Calculator_UnitTestingExample.csproj", "{F4B3BB56-D315-4105-838A-83875B541148}"
EndProject
Global
	GlobalSection(SolutionConfigurationPlatforms) = preSolution
		Debug|Any CPU = Debug|Any CPU
		Release|Any CPU = Release|Any CPU
	EndGlobalSection
	GlobalSection(ProjectConfigurationPlatforms) = postSolution
		{F4B3BB56-D315-4105-838A-83875B541148}.Debug|Any CPU.ActiveCfg = Debug|Any CPU
		{F4B3BB56-D315-4105-838A-83875B541148}.Debug|Any CPU.Build.0 = Debug|Any CPU
		{F4B3BB56-D315-4105-838A-83875B541148}.Release|Any CPU.ActiveCfg = Release|Any CPU
		{F4B3BB56-D315-4105-838A-83875B541148}.Release|Any CPU.Build.0 = Release|Any CPU
	EndGlobalSection
	GlobalSection(SolutionProperties) = preSolution
		HideSolutionNode = FALSE
	EndGlobalSection
	GlobalSection(ExtensibilityGlobals) = postSolution
		SolutionGuid = {E111A451-8EC4-4716-AA6C-F70A53600768}
	EndGlobalSection
EndGlobal
